
Microsoft Visual Studio Solution File, Format Version 12.00
# Visual Studio Version 17
VisualStudioVersion = 17.0.31903.59
MinimumVisualStudioVersion = 10.0.40219.1
Project("{2150E333-8FDC-42A3-9474-1A3956D46DE8}") = "src", "src", "{827E0CD3-B72D-47B6-A68D-7590B98EB39B}"
EndProject
Project("{FAE04EC0-301F-11D3-BF4B-00C04F79EFBC}") = "Halina.Core", "src\Halina.Core\Halina.Core.csproj", "{37D4E748-8FAF-4DFB-8604-4D938F9E8783}"
EndProject
Project("{2150E333-8FDC-42A3-9474-1A3956D46DE8}") = "tests", "tests", "{0AB3BF05-4346-4AA6-1389-037BE0695223}"
EndProject
Project("{FAE04EC0-301F-11D3-BF4B-00C04F79EFBC}") = "Halina.Tests", "tests\Halina.Tests\Halina.Tests.csproj", "{3FEE849F-7C6D-4330-98A3-ACD8BDE41018}"
EndProject
Project("{2150E333-8FDC-42A3-9474-1A3956D46DE8}") = "experiments", "experiments", "{8E1D1CCC-9289-C849-48CA-D7E099D02B6F}"
EndProject
Project("{FAE04EC0-301F-11D3-BF4B-00C04F79EFBC}") = "Halina.Experiments", "experiments\Halina.Experiments\Halina.Experiments.csproj", "{EA430F23-C067-4BF9-A2AA-7ABE608BB97F}"
EndProject
Global
	GlobalSection(SolutionConfigurationPlatforms) = preSolution
		Debug|Any CPU = Debug|Any CPU
		Debug|x64 = Debug|x64
		Debug|x86 = Debug|x86
		Release|Any CPU = Release|Any CPU
		Release|x64 = Release|x64
		Release|x86 = Release|x86
	EndGlobalSection
	GlobalSection(ProjectConfigurationPlatforms) = postSolution
		{37D4E748-8FAF-4DFB-8604-4D938F9E8783}.Debug|Any CPU.ActiveCfg = Debug|Any CPU
		{37D4E748-8FAF-4DFB-8604-4D938F9E8783}.Debug|Any CPU.Build.0 = Debug|Any CPU
		{37D4E748-8FAF-4DFB-8604-4D938F9E8783}.Debug|x64.ActiveCfg = Debug|Any CPU
		{37D4E748-8FAF-4DFB-8604-4D938F9E8783}.Debug|x64.Build.0 = Debug|Any CPU
		{37D4E748-8FAF-4DFB-8604-4D938F9E8783}.Debug|x86.ActiveCfg = Debug|Any CPU
		{37D4E748-8FAF-4DFB-8604-4D938F9E8783}.Debug|x86.Build.0 = Debug|Any CPU
		{37D4E748-8FAF-4DFB-8604-4D938F9E8783}.Release|Any CPU.ActiveCfg = Release|Any CPU
		{37D4E748-8FAF-4DFB-8604-4D938F9E8783}.Release|Any CPU.Build.0 = Release|Any CPU
		{37D4E748-8FAF-4DFB-8604-4D938F9E8783}.Release|x64.ActiveCfg = Release|Any CPU
		{37D4E748-8FAF-4DFB-8604-4D938F9E8783}.Release|x64.Build.0 = Release|Any CPU
		{37D4E748-8FAF-4DFB-8604-4D938F9E8783}.Release|x86.ActiveCfg = Release|Any CPU
		{37D4E748-8FAF-4DFB-8604-4D938F9E8783}.Release|x86.Build.0 = Release|Any CPU
		{3FEE849F-7C6D-4330-98A3-ACD8BDE41018}.Debug|Any CPU.ActiveCfg = Debug|Any CPU
		{3FEE849F-7C6D-4330-98A3-ACD8BDE41018}.Debug|Any CPU.Build.0 = Debug|Any CPU
		{3FEE849F-7C6D-4330-98A3-ACD8BDE41018}.Debug|x64.ActiveCfg = Debug|Any CPU
		{3FEE849F-7C6D-4330-98A3-ACD8BDE41018}.Debug|x64.Build.0 = Debug|Any CPU
		{3FEE849F-7C6D-4330-98A3-ACD8BDE41018}.Debug|x86.ActiveCfg = Debug|Any CPU
		{3FEE849F-7C6D-4330-98A3-ACD8BDE41018}.Debug|x86.Build.0 = Debug|Any CPU
		{3FEE849F-7C6D-4330-98A3-ACD8BDE41018}.Release|Any CPU.ActiveCfg = Release|Any CPU
		{3FEE849F-7C6D-4330-98A3-ACD8BDE41018}.Release|Any CPU.Build.0 = Release|Any CPU
		{3FEE849F-7C6D-4330-98A3-ACD8BDE41018}.Release|x64.ActiveCfg = Release|Any CPU
		{3FEE849F-7C6D-4330-98A3-ACD8BDE41018}.Release|x64.Build.0 = Release|Any CPU
		{3FEE849F-7C6D-4330-98A3-ACD8BDE41018}.Release|x86.ActiveCfg = Release|Any CPU
		{3FEE849F-7C6D-4330-98A3-ACD8BDE41018}.Release|x86.Build.0 = Release|Any CPU
		{EA430F23-C067-4BF9-A2AA-7ABE608BB97F}.Debug|Any CPU.ActiveCfg = Debug|Any CPU
		{EA430F23-C067-4BF9-A2AA-7ABE608BB97F}.Debug|Any CPU.Build.0 = Debug|Any CPU
		{EA430F23-C067-4BF9-A2AA-7ABE608BB97F}.Debug|x64.ActiveCfg = Debug|Any CPU
		{EA430F23-C067-4BF9-A2AA-7ABE608BB97F}.Debug|x64.Build.0 = Debug|Any CPU
		{EA430F23-C067-4BF9-A2AA-7ABE608BB97F}.Debug|x86.ActiveCfg = Debug|Any CPU
		{EA430F23-C067-4BF9-A2AA-7ABE608BB97F}.Debug|x86.Build.0 = Debug|Any CPU
		{EA430F23-C067-4BF9-A2AA-7ABE608BB97F}.Release|Any CPU.ActiveCfg = Release|Any CPU
		{EA430F23-C067-4BF9-A2AA-7ABE608BB97F}.Release|Any CPU.Build.0 = Release|Any CPU
		{EA430F23-C067-4BF9-A2AA-7ABE608BB97F}.Release|x64.ActiveCfg = Release|Any CPU
		{EA430F23-C067-4BF9-A2AA-7ABE608BB97F}.Release|x64.Build.0 = Release|Any CPU
		{EA430F23-C067-4BF9-A2AA-7ABE608BB97F}.Release|x86.ActiveCfg = Release|Any CPU
		{EA430F23-C067-4BF9-A2AA-7ABE608BB97F}.Release|x86.Build.0 = Release|Any CPU
	EndGlobalSection
	GlobalSection(SolutionProperties) = preSolution
		HideSolutionNode = FALSE
	EndGlobalSection
	GlobalSection(NestedProjects) = preSolution
		{37D4E748-8FAF-4DFB-8604-4D938F9E8783} = {827E0CD3-B72D-47B6-A68D-7590B98EB39B}
		{3FEE849F-7C6D-4330-98A3-ACD8BDE41018} = {0AB3BF05-4346-4AA6-1389-037BE0695223}
		{EA430F23-C067-4BF9-A2AA-7ABE608BB97F} = {8E1D1CCC-9289-C849-48CA-D7E099D02B6F}
	EndGlobalSection
EndGlobal
